
Microsoft Visual Studio Solution File, Format Version 12.00
# Visual Studio 15
VisualStudioVersion = 15.0.28307.1622
MinimumVisualStudioVersion = 10.0.40219.1
Project("{FAE04EC0-301F-11D3-BF4B-00C04F79EFBC}") = "Biyoİnformatik-1", "Biyoİnformatik-1\Biyoİnformatik-1.csproj", "{88144EE7-8CB2-4CFF-B75F-21AC3B6C131C}"
EndProject
Global
	GlobalSection(SolutionConfigurationPlatforms) = preSolution
		Debug|Any CPU = Debug|Any CPU
		Release|Any CPU = Release|Any CPU
	EndGlobalSection
	GlobalSection(ProjectConfigurationPlatforms) = postSolution
		{88144EE7-8CB2-4CFF-B75F-21AC3B6C131C}.Debug|Any CPU.ActiveCfg = Debug|Any CPU
		{88144EE7-8CB2-4CFF-B75F-21AC3B6C131C}.Debug|Any CPU.Build.0 = Debug|Any CPU
		{88144EE7-8CB2-4CFF-B75F-21AC3B6C131C}.Release|Any CPU.ActiveCfg = Release|Any CPU
		{88144EE7-8CB2-4CFF-B75F-21AC3B6C131C}.Release|Any CPU.Build.0 = Release|Any CPU
	EndGlobalSection
	GlobalSection(SolutionProperties) = preSolution
		HideSolutionNode = FALSE
	EndGlobalSection
	GlobalSection(ExtensibilityGlobals) = postSolution
		SolutionGuid = {4791E38C-C480-48AE-95EF-AC213D59B2A2}
	EndGlobalSection
EndGlobal
